
Microsoft Visual Studio Solution File, Format Version 12.00
# Visual Studio Version 17
VisualStudioVersion = 17.14.36915.13 d17.14
MinimumVisualStudioVersion = 10.0.40219.1
Project("{2150E333-8FDC-42A3-9474-1A3956D46DE8}") = "Dock", "Dock", "{02EA681E-C7D8-13C7-8484-4AC65E1B71E8}"
EndProject
Project("{2150E333-8FDC-42A3-9474-1A3956D46DE8}") = "Src", "Src", "{53BC9239-EEA3-4145-9034-5893979C0F43}"
EndProject
Project("{2150E333-8FDC-42A3-9474-1A3956D46DE8}") = "Test", "Test", "{0DD273CC-2284-42CE-880E-DB72ADDF1934}"
EndProject
Project("{2150E333-8FDC-42A3-9474-1A3956D46DE8}") = "Core", "Core", "{75848B0D-31C1-435F-93AA-EA19E379BEEC}"
EndProject
Project("{2150E333-8FDC-42A3-9474-1A3956D46DE8}") = "Infrastructure", "Infrastructure", "{A367F69A-8C87-4491-A210-17D9ACFA8F00}"
EndProject
Project("{2150E333-8FDC-42A3-9474-1A3956D46DE8}") = "Presentation", "Presentation", "{5B8A4104-E204-49CA-A0AA-663B3D03D751}"
EndProject
Project("{2150E333-8FDC-42A3-9474-1A3956D46DE8}") = "Common", "Common", "{ABA47A12-DA30-4500-ADF7-6F7E96396F4B}"
EndProject
Project("{FAE04EC0-301F-11D3-BF4B-00C04F79EFBC}") = "KarinShop.Common", "KarinShop.Common\KarinShop.Common.csproj", "{D25E38DF-1FFB-4173-861E-B39872C171B9}"
EndProject
Project("{FAE04EC0-301F-11D3-BF4B-00C04F79EFBC}") = "KarinShop.Domain", "KarinShop.Domain\KarinShop.Domain.csproj", "{357A4BBE-D4FC-421F-A826-56769C6CF8E7}"
EndProject
Project("{FAE04EC0-301F-11D3-BF4B-00C04F79EFBC}") = "KarinShop.Application", "KarinShop.Application\KarinShop.Application.csproj", "{54B0F37A-85BB-4212-8B85-85F5876EEBB2}"
EndProject
Project("{FAE04EC0-301F-11D3-BF4B-00C04F79EFBC}") = "KarinShop.Infrastructure", "KarinShop.Infrastructure\KarinShop.Infrastructure.csproj", "{1011BF53-046B-4200-84EC-E940FA90E9E3}"
EndProject
Project("{FAE04EC0-301F-11D3-BF4B-00C04F79EFBC}") = "KarinShop.Persistence", "KarinShop.Persistence\KarinShop.Persistence.csproj", "{FEA61C44-7EBC-44FA-985E-990383EFBA22}"
EndProject
Project("{FAE04EC0-301F-11D3-BF4B-00C04F79EFBC}") = "EndPoint.KarinShop", "EndPoint.KarinShop\EndPoint.KarinShop.csproj", "{B2A646F5-61BC-4802-8D8D-DA3489849B5B}"
EndProject
Global
	GlobalSection(SolutionConfigurationPlatforms) = preSolution
		Debug|Any CPU = Debug|Any CPU
		Release|Any CPU = Release|Any CPU
	EndGlobalSection
	GlobalSection(ProjectConfigurationPlatforms) = postSolution
		{D25E38DF-1FFB-4173-861E-B39872C171B9}.Debug|Any CPU.ActiveCfg = Debug|Any CPU
		{D25E38DF-1FFB-4173-861E-B39872C171B9}.Debug|Any CPU.Build.0 = Debug|Any CPU
		{D25E38DF-1FFB-4173-861E-B39872C171B9}.Release|Any CPU.ActiveCfg = Release|Any CPU
		{D25E38DF-1FFB-4173-861E-B39872C171B9}.Release|Any CPU.Build.0 = Release|Any CPU
		{357A4BBE-D4FC-421F-A826-56769C6CF8E7}.Debug|Any CPU.ActiveCfg = Debug|Any CPU
		{357A4BBE-D4FC-421F-A826-56769C6CF8E7}.Debug|Any CPU.Build.0 = Debug|Any CPU
		{357A4BBE-D4FC-421F-A826-56769C6CF8E7}.Release|Any CPU.ActiveCfg = Release|Any CPU
		{357A4BBE-D4FC-421F-A826-56769C6CF8E7}.Release|Any CPU.Build.0 = Release|Any CPU
		{54B0F37A-85BB-4212-8B85-85F5876EEBB2}.Debug|Any CPU.ActiveCfg = Debug|Any CPU
		{54B0F37A-85BB-4212-8B85-85F5876EEBB2}.Debug|Any CPU.Build.0 = Debug|Any CPU
		{54B0F37A-85BB-4212-8B85-85F5876EEBB2}.Release|Any CPU.ActiveCfg = Release|Any CPU
		{54B0F37A-85BB-4212-8B85-85F5876EEBB2}.Release|Any CPU.Build.0 = Release|Any CPU
		{1011BF53-046B-4200-84EC-E940FA90E9E3}.Debug|Any CPU.ActiveCfg = Debug|Any CPU
		{1011BF53-046B-4200-84EC-E940FA90E9E3}.Debug|Any CPU.Build.0 = Debug|Any CPU
		{1011BF53-046B-4200-84EC-E940FA90E9E3}.Release|Any CPU.ActiveCfg = Release|Any CPU
		{1011BF53-046B-4200-84EC-E940FA90E9E3}.Release|Any CPU.Build.0 = Release|Any CPU
		{FEA61C44-7EBC-44FA-985E-990383EFBA22}.Debug|Any CPU.ActiveCfg = Debug|Any CPU
		{FEA61C44-7EBC-44FA-985E-990383EFBA22}.Debug|Any CPU.Build.0 = Debug|Any CPU
		{FEA61C44-7EBC-44FA-985E-990383EFBA22}.Release|Any CPU.ActiveCfg = Release|Any CPU
		{FEA61C44-7EBC-44FA-985E-990383EFBA22}.Release|Any CPU.Build.0 = Release|Any CPU
		{B2A646F5-61BC-4802-8D8D-DA3489849B5B}.Debug|Any CPU.ActiveCfg = Debug|Any CPU
		{B2A646F5-61BC-4802-8D8D-DA3489849B5B}.Debug|Any CPU.Build.0 = Debug|Any CPU
		{B2A646F5-61BC-4802-8D8D-DA3489849B5B}.Release|Any CPU.ActiveCfg = Release|Any CPU
		{B2A646F5-61BC-4802-8D8D-DA3489849B5B}.Release|Any CPU.Build.0 = Release|Any CPU
	EndGlobalSection
	GlobalSection(SolutionProperties) = preSolution
		HideSolutionNode = FALSE
	EndGlobalSection
	GlobalSection(NestedProjects) = preSolution
		{75848B0D-31C1-435F-93AA-EA19E379BEEC} = {53BC9239-EEA3-4145-9034-5893979C0F43}
		{A367F69A-8C87-4491-A210-17D9ACFA8F00} = {53BC9239-EEA3-4145-9034-5893979C0F43}
		{5B8A4104-E204-49CA-A0AA-663B3D03D751} = {53BC9239-EEA3-4145-9034-5893979C0F43}
		{ABA47A12-DA30-4500-ADF7-6F7E96396F4B} = {53BC9239-EEA3-4145-9034-5893979C0F43}
		{D25E38DF-1FFB-4173-861E-B39872C171B9} = {ABA47A12-DA30-4500-ADF7-6F7E96396F4B}
		{357A4BBE-D4FC-421F-A826-56769C6CF8E7} = {75848B0D-31C1-435F-93AA-EA19E379BEEC}
		{54B0F37A-85BB-4212-8B85-85F5876EEBB2} = {75848B0D-31C1-435F-93AA-EA19E379BEEC}
		{1011BF53-046B-4200-84EC-E940FA90E9E3} = {A367F69A-8C87-4491-A210-17D9ACFA8F00}
		{FEA61C44-7EBC-44FA-985E-990383EFBA22} = {A367F69A-8C87-4491-A210-17D9ACFA8F00}
		{B2A646F5-61BC-4802-8D8D-DA3489849B5B} = {5B8A4104-E204-49CA-A0AA-663B3D03D751}
	EndGlobalSection
	GlobalSection(ExtensibilityGlobals) = postSolution
		SolutionGuid = {EAFC3F04-B41E-416C-AF95-E4D11D6BE6BB}
	EndGlobalSection
EndGlobal
